
Microsoft Visual Studio Solution File, Format Version 12.00
# Visual Studio Version 16
VisualStudioVersion = 16.0.29306.81
MinimumVisualStudioVersion = 10.0.40219.1
Project("{FAE04EC0-301F-11D3-BF4B-00C04F79EFBC}") = "1Task", "1Task\1Task.csproj", "{79ADAB6B-3359-4B4C-89DA-17D28053E4FA}"
EndProject
Project("{FAE04EC0-301F-11D3-BF4B-00C04F79EFBC}") = "2Task", "2Task\2Task.csproj", "{0ADEFBFD-713B-41E5-BDB3-A6B74E6168B6}"
EndProject
Project("{FAE04EC0-301F-11D3-BF4B-00C04F79EFBC}") = "3Task", "3Task\3Task.csproj", "{E27945BC-AEDD-4C8E-87E2-1E17707AE035}"
EndProject
Project("{FAE04EC0-301F-11D3-BF4B-00C04F79EFBC}") = "4Task", "4Task\4Task.csproj", "{B505D6D3-648F-4883-B0C0-19BAA22822A6}"
EndProject
Project("{FAE04EC0-301F-11D3-BF4B-00C04F79EFBC}") = "5Task", "5Task\5Task.csproj", "{B9F09EB8-FA07-4EB7-9F9F-A2F06B873AC3}"
EndProject
Project("{FAE04EC0-301F-11D3-BF4B-00C04F79EFBC}") = "6Task", "6Task\6Task.csproj", "{9207DFA6-1151-47D1-8ECE-70C227364E39}"
EndProject
Project("{FAE04EC0-301F-11D3-BF4B-00C04F79EFBC}") = "7Task", "7Task\7Task.csproj", "{8A6DBD36-5F39-4AAF-B587-E8ED45A8ADE0}"
EndProject
Project("{FAE04EC0-301F-11D3-BF4B-00C04F79EFBC}") = "8Task", "8Task\8Task.csproj", "{AFB04D75-039A-4DB3-B527-D657C33A2FC1}"
EndProject
Project("{FAE04EC0-301F-11D3-BF4B-00C04F79EFBC}") = "9Task", "9Task\9Task.csproj", "{AD41854C-BD79-4C73-A552-B6D149E26BAC}"
EndProject
Project("{FAE04EC0-301F-11D3-BF4B-00C04F79EFBC}") = "10Task", "10Task\10Task.csproj", "{2B441608-9870-4CEE-9CF0-B0C73CB77BC5}"
EndProject
Project("{FAE04EC0-301F-11D3-BF4B-00C04F79EFBC}") = "11Task", "11Task\11Task.csproj", "{FF5A8ECF-E923-4C11-BF3D-5D9511DA3A6C}"
EndProject
Project("{FAE04EC0-301F-11D3-BF4B-00C04F79EFBC}") = "12Task", "12Task\12Task.csproj", "{26707410-C0D4-4056-8EDB-524814FCD46C}"
EndProject
Project("{FAE04EC0-301F-11D3-BF4B-00C04F79EFBC}") = "13Task", "13Task\13Task.csproj", "{463230DF-4700-4EC5-BE9D-D59AECEF2571}"
EndProject
Global
	GlobalSection(SolutionConfigurationPlatforms) = preSolution
		Debug|Any CPU = Debug|Any CPU
		Release|Any CPU = Release|Any CPU
	EndGlobalSection
	GlobalSection(ProjectConfigurationPlatforms) = postSolution
		{79ADAB6B-3359-4B4C-89DA-17D28053E4FA}.Debug|Any CPU.ActiveCfg = Debug|Any CPU
		{79ADAB6B-3359-4B4C-89DA-17D28053E4FA}.Debug|Any CPU.Build.0 = Debug|Any CPU
		{79ADAB6B-3359-4B4C-89DA-17D28053E4FA}.Release|Any CPU.ActiveCfg = Release|Any CPU
		{79ADAB6B-3359-4B4C-89DA-17D28053E4FA}.Release|Any CPU.Build.0 = Release|Any CPU
		{0ADEFBFD-713B-41E5-BDB3-A6B74E6168B6}.Debug|Any CPU.ActiveCfg = Debug|Any CPU
		{0ADEFBFD-713B-41E5-BDB3-A6B74E6168B6}.Debug|Any CPU.Build.0 = Debug|Any CPU
		{0ADEFBFD-713B-41E5-BDB3-A6B74E6168B6}.Release|Any CPU.ActiveCfg = Release|Any CPU
		{0ADEFBFD-713B-41E5-BDB3-A6B74E6168B6}.Release|Any CPU.Build.0 = Release|Any CPU
		{E27945BC-AEDD-4C8E-87E2-1E17707AE035}.Debug|Any CPU.ActiveCfg = Debug|Any CPU
		{E27945BC-AEDD-4C8E-87E2-1E17707AE035}.Debug|Any CPU.Build.0 = Debug|Any CPU
		{E27945BC-AEDD-4C8E-87E2-1E17707AE035}.Release|Any CPU.ActiveCfg = Release|Any CPU
		{E27945BC-AEDD-4C8E-87E2-1E17707AE035}.Release|Any CPU.Build.0 = Release|Any CPU
		{B505D6D3-648F-4883-B0C0-19BAA22822A6}.Debug|Any CPU.ActiveCfg = Debug|Any CPU
		{B505D6D3-648F-4883-B0C0-19BAA22822A6}.Debug|Any CPU.Build.0 = Debug|Any CPU
		{B505D6D3-648F-4883-B0C0-19BAA22822A6}.Release|Any CPU.ActiveCfg = Release|Any CPU
		{B505D6D3-648F-4883-B0C0-19BAA22822A6}.Release|Any CPU.Build.0 = Release|Any CPU
		{B9F09EB8-FA07-4EB7-9F9F-A2F06B873AC3}.Debug|Any CPU.ActiveCfg = Debug|Any CPU
		{B9F09EB8-FA07-4EB7-9F9F-A2F06B873AC3}.Debug|Any CPU.Build.0 = Debug|Any CPU
		{B9F09EB8-FA07-4EB7-9F9F-A2F06B873AC3}.Release|Any CPU.ActiveCfg = Release|Any CPU
		{B9F09EB8-FA07-4EB7-9F9F-A2F06B873AC3}.Release|Any CPU.Build.0 = Release|Any CPU
		{9207DFA6-1151-47D1-8ECE-70C227364E39}.Debug|Any CPU.ActiveCfg = Debug|Any CPU
		{9207DFA6-1151-47D1-8ECE-70C227364E39}.Debug|Any CPU.Build.0 = Debug|Any CPU
		{9207DFA6-1151-47D1-8ECE-70C227364E39}.Release|Any CPU.ActiveCfg = Release|Any CPU
		{9207DFA6-1151-47D1-8ECE-70C227364E39}.Release|Any CPU.Build.0 = Release|Any CPU
		{8A6DBD36-5F39-4AAF-B587-E8ED45A8ADE0}.Debug|Any CPU.ActiveCfg = Debug|Any CPU
		{8A6DBD36-5F39-4AAF-B587-E8ED45A8ADE0}.Debug|Any CPU.Build.0 = Debug|Any CPU
		{8A6DBD36-5F39-4AAF-B587-E8ED45A8ADE0}.Release|Any CPU.ActiveCfg = Release|Any CPU
		{8A6DBD36-5F39-4AAF-B587-E8ED45A8ADE0}.Release|Any CPU.Build.0 = Release|Any CPU
		{AFB04D75-039A-4DB3-B527-D657C33A2FC1}.Debug|Any CPU.ActiveCfg = Debug|Any CPU
		{AFB04D75-039A-4DB3-B527-D657C33A2FC1}.Debug|Any CPU.Build.0 = Debug|Any CPU
		{AFB04D75-039A-4DB3-B527-D657C33A2FC1}.Release|Any CPU.ActiveCfg = Release|Any CPU
		{AFB04D75-039A-4DB3-B527-D657C33A2FC1}.Release|Any CPU.Build.0 = Release|Any CPU
		{AD41854C-BD79-4C73-A552-B6D149E26BAC}.Debug|Any CPU.ActiveCfg = Debug|Any CPU
		{AD41854C-BD79-4C73-A552-B6D149E26BAC}.Debug|Any CPU.Build.0 = Debug|Any CPU
		{AD41854C-BD79-4C73-A552-B6D149E26BAC}.Release|Any CPU.ActiveCfg = Release|Any CPU
		{AD41854C-BD79-4C73-A552-B6D149E26BAC}.Release|Any CPU.Build.0 = Release|Any CPU
		{2B441608-9870-4CEE-9CF0-B0C73CB77BC5}.Debug|Any CPU.ActiveCfg = Debug|Any CPU
		{2B441608-9870-4CEE-9CF0-B0C73CB77BC5}.Debug|Any CPU.Build.0 = Debug|Any CPU
		{2B441608-9870-4CEE-9CF0-B0C73CB77BC5}.Release|Any CPU.ActiveCfg = Release|Any CPU
		{2B441608-9870-4CEE-9CF0-B0C73CB77BC5}.Release|Any CPU.Build.0 = Release|Any CPU
		{FF5A8ECF-E923-4C11-BF3D-5D9511DA3A6C}.Debug|Any CPU.ActiveCfg = Debug|Any CPU
		{FF5A8ECF-E923-4C11-BF3D-5D9511DA3A6C}.Debug|Any CPU.Build.0 = Debug|Any CPU
		{FF5A8ECF-E923-4C11-BF3D-5D9511DA3A6C}.Release|Any CPU.ActiveCfg = Release|Any CPU
		{FF5A8ECF-E923-4C11-BF3D-5D9511DA3A6C}.Release|Any CPU.Build.0 = Release|Any CPU
		{26707410-C0D4-4056-8EDB-524814FCD46C}.Debug|Any CPU.ActiveCfg = Debug|Any CPU
		{26707410-C0D4-4056-8EDB-524814FCD46C}.Debug|Any CPU.Build.0 = Debug|Any CPU
		{26707410-C0D4-4056-8EDB-524814FCD46C}.Release|Any CPU.ActiveCfg = Release|Any CPU
		{26707410-C0D4-4056-8EDB-524814FCD46C}.Release|Any CPU.Build.0 = Release|Any CPU
		{463230DF-4700-4EC5-BE9D-D59AECEF2571}.Debug|Any CPU.ActiveCfg = Debug|Any CPU
		{463230DF-4700-4EC5-BE9D-D59AECEF2571}.Debug|Any CPU.Build.0 = Debug|Any CPU
		{463230DF-4700-4EC5-BE9D-D59AECEF2571}.Release|Any CPU.ActiveCfg = Release|Any CPU
		{463230DF-4700-4EC5-BE9D-D59AECEF2571}.Release|Any CPU.Build.0 = Release|Any CPU
	EndGlobalSection
	GlobalSection(SolutionProperties) = preSolution
		HideSolutionNode = FALSE
	EndGlobalSection
	GlobalSection(ExtensibilityGlobals) = postSolution
		SolutionGuid = {366BB8C7-A604-480B-ACD9-2C706C66166A}
	EndGlobalSection
EndGlobal
